schema: '2.0'
stages:
  scrape-data:
    cmd: python urban_renewal/scrape_urban_renewal_locations.py
    deps:
    - path: urban_renewal/scrape_urban_renewal_locations.py
      hash: md5
      md5: 77d617c8d9f3318a02ccbc63a55ebf76
      size: 2120
    outs:
    - path: data/raw/urban_renewal_location_photos.csv
      hash: md5
      md5: 1b559a2f89c072dcb446454113723c26
      size: 14652168
  create_address_ner_training_data:
    cmd: python urban_renewal/create_address_ner_trainset.py 5000 500 500 692025
    deps:
    - path: data/raw/urban_renewal_location_photos.csv
      hash: md5
      md5: 1b559a2f89c072dcb446454113723c26
      size: 14652168
    - path: urban_renewal/create_address_ner_trainset.py
      hash: md5
      md5: c1a94443ac563d1cffd92e4e9556a6b0
      size: 4271
    outs:
    - path: data/interim/urban_renewal_locations_v1.csv
      hash: md5
      md5: c1c7f18d9f76a5c2db940136e7202942
      size: 15779390
    - path: data/processed/address_ner/eval.spacy
      hash: md5
      md5: b1f0fa68498525b4cfe29ad53ae30d64
      size: 71621
    - path: data/processed/address_ner/test.spacy
      hash: md5
      md5: 36df944f1cb3f97be8b5acd987354939
      size: 70286
    - path: data/processed/address_ner/train.spacy
      hash: md5
      md5: e810bdd0f344b6a7a02b8cbf1515545c
      size: 525821
  train_address_ner:
    cmd: python -m spacy train models/address_ner/config.cfg --paths.train 
      data/processed/address_ner/train.spacy --paths.dev 
      data/processed/address_ner/eval.spacy --output ./models/address_ner
    deps:
    - path: data/processed/address_ner/eval.spacy
      hash: md5
      md5: b1f0fa68498525b4cfe29ad53ae30d64
      size: 71621
    - path: data/processed/address_ner/train.spacy
      hash: md5
      md5: e810bdd0f344b6a7a02b8cbf1515545c
      size: 525821
    - path: models/address_ner/config.cfg
      hash: md5
      md5: 63615ab047ef37fb29763f9804638b8e
      size: 2717
    outs:
    - path: models/address_ner/model-best
      hash: md5
      md5: b6456c700926c19261a83e88ce834fad.dir
      size: 465211803
      nfiles: 13
    - path: models/address_ner/model-last
      hash: md5
      md5: f4c6772bc814b1546bb29571736f9206.dir
      size: 465211802
      nfiles: 13
  test_address_ner:
    cmd: python -m spacy evaluate models/address_ner/model-best 
      data/processed/address_ner/test.spacy --output 
      models/address_ner/metrics_test.json
    deps:
    - path: data/processed/address_ner/test.spacy
      hash: md5
      md5: 36df944f1cb3f97be8b5acd987354939
      size: 70286
    - path: models/address_ner/model-best
      hash: md5
      md5: b6456c700926c19261a83e88ce834fad.dir
      size: 465211803
      nfiles: 13
    outs:
    - path: models/address_ner/metrics_test.json
      hash: md5
      md5: d3321ba4512d32ca109deceb65349fc8
      size: 274
  nlp_extract_addresses:
    cmd: python urban_renewal/nlp_extract_addresses.py title_cleaned 
      street_address
    deps:
    - path: data/interim/urban_renewal_locations_v1.csv
      hash: md5
      md5: c1c7f18d9f76a5c2db940136e7202942
      size: 15779390
    - path: models/address_ner/model-best
      hash: md5
      md5: b6456c700926c19261a83e88ce834fad.dir
      size: 465211803
      nfiles: 13
    outs:
    - path: data/interim/urban_renewal_locations_v2.csv
      hash: md5
      md5: b5ef7d1ba5b26e6e104fdcb08d0384de
      size: 15869525
  regex_extract_addresses:
    cmd: python urban_renewal/regex_extract_addresses.py title_cleaned 
      street_address
    deps:
    - path: data/interim/urban_renewal_locations_v2.csv
      hash: md5
      md5: b5ef7d1ba5b26e6e104fdcb08d0384de
      size: 15869525
    outs:
    - path: data/interim/urban_renewal_locations_v3.csv
      hash: md5
      md5: b2c528f2c64ceb6b19d1814d103e2b5f
      size: 15922075
  geocode_addresses:
    cmd: python urban_renewal/geocode_addresses.py
    deps:
    - path: data/interim/urban_renewal_locations_v4.csv
      hash: md5
      md5: 93d3453db6c83a741655ee13c704699e
      size: 15869590
    - path: urban_renewal/geocode_addresses.py
      hash: md5
      md5: 81ae40a3cc0c824d4adca9332bb273cf
      size: 2272
    outs:
    - path: data/interim/unmatched_addresses.csv
      hash: md5
      md5: c5c3b8d1a511e67072cdf49083044778
      size: 4629
    - path: data/interim/urban_renewal_addresses_v1.geojson
      hash: md5
      md5: 4dd1a4286897708013eeb676e26fd261
      size: 1312805
    - path: data/interim/urban_renewal_locations_v5.csv
      hash: md5
      md5: 8aa73b9e4c9d1ab3e8ffbb4b230684a3
      size: 16546600
  create_figures:
    cmd: python urban_renewal/create_figures.py
    deps:
    - path: data/external/City_Boundary_20250624.geojson
      hash: md5
      md5: e71629d7b20cef3b33dea010999a6f00
      size: 497406
    - path: data/interim/urban_renewal_addresses_v1.geojson
      hash: md5
      md5: 4dd1a4286897708013eeb676e26fd261
      size: 1312805
    - path: data/interim/urban_renewal_locations_v5.csv
      hash: md5
      md5: 8aa73b9e4c9d1ab3e8ffbb4b230684a3
      size: 16546600
    - path: urban_renewal/create_figures.py
      hash: md5
      md5: f2eb9a822f6d830fa5f0a3fdf2e317c5
      size: 4553
    outs:
    - path: reports/figures/urban_renewal_locations_by_time_period.png
      hash: md5
      md5: b4652c95363b6849f803608eed4a69b3
      size: 79251
    - path: reports/figures/urban_renewal_projects.html
      hash: md5
      md5: db78bb84bb5bb8da3de84fc7322fce23
      size: 6901506
